// !$*UTF8*$!
{
	archiveVersion = 1;
	classes = {
	};
	objectVersion = 50;
	objects = {

/* Begin PBXBuildFile section */
		3D9F3CBA21F5001300AE6238 /* RenderComponent.swift in Sources */ = {isa = PBXBuildFile; fileRef = 3D9F3CB921F5001300AE6238 /* RenderComponent.swift */; };
		3D9F3CBC21F5022A00AE6238 /* PlayerControlComponent.swift in Sources */ = {isa = PBXBuildFile; fileRef = 3D9F3CBB21F5022A00AE6238 /* PlayerControlComponent.swift */; };
		3D9F3CBE21F5032300AE6238 /* ParticleComponent.swift in Sources */ = {isa = PBXBuildFile; fileRef = 3D9F3CBD21F5032300AE6238 /* ParticleComponent.swift */; };
		3D9F3CC421F5061300AE6238 /* starburst.png in Resources */ = {isa = PBXBuildFile; fileRef = 3D9F3CC021F5061300AE6238 /* starburst.png */; };
		3D9F3CC521F5061300AE6238 /* spark.png in Resources */ = {isa = PBXBuildFile; fileRef = 3D9F3CC121F5061300AE6238 /* spark.png */; };
		3D9F3CC621F5061300AE6238 /* Sparkle.scnp in Resources */ = {isa = PBXBuildFile; fileRef = 3D9F3CC221F5061300AE6238 /* Sparkle.scnp */; };
		3D9F3CC721F5061300AE6238 /* Fire.scnp in Resources */ = {isa = PBXBuildFile; fileRef = 3D9F3CC321F5061300AE6238 /* Fire.scnp */; };
		3D9F3CC921F5580600AE6238 /* MoveBehavior.swift in Sources */ = {isa = PBXBuildFile; fileRef = 3D9F3CC821F5580600AE6238 /* MoveBehavior.swift */; };
		3D9F3CCC21F5593000AE6238 /* MoveComponent.swift in Sources */ = {isa = PBXBuildFile; fileRef = 3D9F3CCB21F5593000AE6238 /* MoveComponent.swift */; };
		3D9F3CCF21F559AC00AE6238 /* EntityManager.swift in Sources */ = {isa = PBXBuildFile; fileRef = 3D9F3CCE21F559AC00AE6238 /* EntityManager.swift */; };
		3D9F3CD221F55E6D00AE6238 /* PlayerNode.swift in Sources */ = {isa = PBXBuildFile; fileRef = 3D9F3CD121F55E6D00AE6238 /* PlayerNode.swift */; };
		3D9F3CD421F55ECF00AE6238 /* EnemyNode.swift in Sources */ = {isa = PBXBuildFile; fileRef = 3D9F3CD321F55ECF00AE6238 /* EnemyNode.swift */; };
		3D9F3CD621F560B000AE6238 /* Player.swift in Sources */ = {isa = PBXBuildFile; fileRef = 3D9F3CD521F560B000AE6238 /* Player.swift */; };
		3D9F3CD821F569E400AE6238 /* PhysicsComponent.swift in Sources */ = {isa = PBXBuildFile; fileRef = 3D9F3CD721F569E400AE6238 /* PhysicsComponent.swift */; };
		3DC7DA6121ED48930078D1DB /* AppDelegate.swift in Sources */ = {isa = PBXBuildFile; fileRef = 3DC7DA6021ED48930078D1DB /* AppDelegate.swift */; };
		3DC7DA6321ED48930078D1DB /* art.scnassets in Resources */ = {isa = PBXBuildFile; fileRef = 3DC7DA6221ED48930078D1DB /* art.scnassets */; };
		3DC7DA6521ED48930078D1DB /* GameViewController.swift in Sources */ = {isa = PBXBuildFile; fileRef = 3DC7DA6421ED48930078D1DB /* GameViewController.swift */; };
		3DC7DA6821ED48930078D1DB /* Main.storyboard in Resources */ = {isa = PBXBuildFile; fileRef = 3DC7DA6621ED48930078D1DB /* Main.storyboard */; };
		3DC7DA6A21ED48940078D1DB /* Assets.xcassets in Resources */ = {isa = PBXBuildFile; fileRef = 3DC7DA6921ED48940078D1DB /* Assets.xcassets */; };
		3DC7DA6D21ED48940078D1DB /* LaunchScreen.storyboard in Resources */ = {isa = PBXBuildFile; fileRef = 3DC7DA6B21ED48940078D1DB /* LaunchScreen.storyboard */; };
		3DC7DA8321ED7FFB0078D1DB /* MotionHelper.swift in Sources */ = {isa = PBXBuildFile; fileRef = 3DC7DA7D21ED7FFB0078D1DB /* MotionHelper.swift */; };
		3DC7DA8421ED7FFB0078D1DB /* VectorOperations.swift in Sources */ = {isa = PBXBuildFile; fileRef = 3DC7DA7E21ED7FFB0078D1DB /* VectorOperations.swift */; };
		3DC7DA8521ED7FFB0078D1DB /* chainsaw.wav in Resources */ = {isa = PBXBuildFile; fileRef = 3DC7DA8021ED7FFB0078D1DB /* chainsaw.wav */; };
		3DC7DA8621ED7FFB0078D1DB /* jump.wav in Resources */ = {isa = PBXBuildFile; fileRef = 3DC7DA8121ED7FFB0078D1DB /* jump.wav */; };
		3DC7DA8721ED7FFB0078D1DB /* background.mp3 in Resources */ = {isa = PBXBuildFile; fileRef = 3DC7DA8221ED7FFB0078D1DB /* background.mp3 */; };
/* End PBXBuildFile section */

/* Begin PBXFileReference section */
		3D9F3CB921F5001300AE6238 /* RenderComponent.swift */ = {isa = PBXFileReference; lastKnownFileType = sourcecode.swift; path = RenderComponent.swift; sourceTree = "<group>"; };
		3D9F3CBB21F5022A00AE6238 /* PlayerControlComponent.swift */ = {isa = PBXFileReference; lastKnownFileType = sourcecode.swift; path = PlayerControlComponent.swift; sourceTree = "<group>"; };
		3D9F3CBD21F5032300AE6238 /* ParticleComponent.swift */ = {isa = PBXFileReference; lastKnownFileType = sourcecode.swift; path = ParticleComponent.swift; sourceTree = "<group>"; };
		3D9F3CC021F5061300AE6238 /* starburst.png */ = {isa = PBXFileReference; lastKnownFileType = image.png; path = starburst.png; sourceTree = "<group>"; };
		3D9F3CC121F5061300AE6238 /* spark.png */ = {isa = PBXFileReference; lastKnownFileType = image.png; path = spark.png; sourceTree = "<group>"; };
		3D9F3CC221F5061300AE6238 /* Sparkle.scnp */ = {isa = PBXFileReference; lastKnownFileType = file.scp; path = Sparkle.scnp; sourceTree = "<group>"; };
		3D9F3CC321F5061300AE6238 /* Fire.scnp */ = {isa = PBXFileReference; lastKnownFileType = file.scp; path = Fire.scnp; sourceTree = "<group>"; };
		3D9F3CC821F5580600AE6238 /* MoveBehavior.swift */ = {isa = PBXFileReference; lastKnownFileType = sourcecode.swift; path = MoveBehavior.swift; sourceTree = "<group>"; };
		3D9F3CCB21F5593000AE6238 /* MoveComponent.swift */ = {isa = PBXFileReference; lastKnownFileType = sourcecode.swift; path = MoveComponent.swift; sourceTree = "<group>"; };
		3D9F3CCE21F559AC00AE6238 /* EntityManager.swift */ = {isa = PBXFileReference; lastKnownFileType = sourcecode.swift; path = EntityManager.swift; sourceTree = "<group>"; };
		3D9F3CD121F55E6D00AE6238 /* PlayerNode.swift */ = {isa = PBXFileReference; lastKnownFileType = sourcecode.swift; path = PlayerNode.swift; sourceTree = "<group>"; };
		3D9F3CD321F55ECF00AE6238 /* EnemyNode.swift */ = {isa = PBXFileReference; lastKnownFileType = sourcecode.swift; path = EnemyNode.swift; sourceTree = "<group>"; };
		3D9F3CD521F560B000AE6238 /* Player.swift */ = {isa = PBXFileReference; lastKnownFileType = sourcecode.swift; path = Player.swift; sourceTree = "<group>"; };
		3D9F3CD721F569E400AE6238 /* PhysicsComponent.swift */ = {isa = PBXFileReference; lastKnownFileType = sourcecode.swift; path = PhysicsComponent.swift; sourceTree = "<group>"; };
		3DC7DA5D21ED48930078D1DB /* Odyssey.app */ = {isa = PBXFileReference; explicitFileType = wrapper.application; includeInIndex = 0; path = Odyssey.app; sourceTree = BUILT_PRODUCTS_DIR; };
		3DC7DA6021ED48930078D1DB /* AppDelegate.swift */ = {isa = PBXFileReference; lastKnownFileType = sourcecode.swift; path = AppDelegate.swift; sourceTree = "<group>"; };
		3DC7DA6221ED48930078D1DB /* art.scnassets */ = {isa = PBXFileReference; lastKnownFileType = wrapper.scnassets; path = art.scnassets; sourceTree = "<group>"; };
		3DC7DA6421ED48930078D1DB /* GameViewController.swift */ = {isa = PBXFileReference; lastKnownFileType = sourcecode.swift; path = GameViewController.swift; sourceTree = "<group>"; };
		3DC7DA6721ED48930078D1DB /* Base */ = {isa = PBXFileReference; lastKnownFileType = file.storyboard; name = Base; path = Base.lproj/Main.storyboard; sourceTree = "<group>"; };
		3DC7DA6921ED48940078D1DB /* Assets.xcassets */ = {isa = PBXFileReference; lastKnownFileType = folder.assetcatalog; path = Assets.xcassets; sourceTree = "<group>"; };
		3DC7DA6C21ED48940078D1DB /* Base */ = {isa = PBXFileReference; lastKnownFileType = file.storyboard; name = Base; path = Base.lproj/LaunchScreen.storyboard; sourceTree = "<group>"; };
		3DC7DA6E21ED48940078D1DB /* Info.plist */ = {isa = PBXFileReference; lastKnownFileType = text.plist.xml; path = Info.plist; sourceTree = "<group>"; };
		3DC7DA7D21ED7FFB0078D1DB /* MotionHelper.swift */ = {isa = PBXFileReference; fileEncoding = 4; lastKnownFileType = sourcecode.swift; path = MotionHelper.swift; sourceTree = "<group>"; };
		3DC7DA7E21ED7FFB0078D1DB /* VectorOperations.swift */ = {isa = PBXFileReference; fileEncoding = 4; lastKnownFileType = sourcecode.swift; path = VectorOperations.swift; sourceTree = "<group>"; };
		3DC7DA8021ED7FFB0078D1DB /* chainsaw.wav */ = {isa = PBXFileReference; lastKnownFileType = audio.wav; path = chainsaw.wav; sourceTree = "<group>"; };
		3DC7DA8121ED7FFB0078D1DB /* jump.wav */ = {isa = PBXFileReference; lastKnownFileType = audio.wav; path = jump.wav; sourceTree = "<group>"; };
		3DC7DA8221ED7FFB0078D1DB /* background.mp3 */ = {isa = PBXFileReference; lastKnownFileType = audio.mp3; path = background.mp3; sourceTree = "<group>"; };
/* End PBXFileReference section */

/* Begin PBXFrameworksBuildPhase section */
		3DC7DA5A21ED48930078D1DB /* Frameworks */ = {
			isa = PBXFrameworksBuildPhase;
			buildActionMask = 2147483647;
			files = (
			);
			runOnlyForDeploymentPostprocessing = 0;
		};
/* End PBXFrameworksBuildPhase section */

/* Begin PBXGroup section */
		3D9F3CB821F4FF8C00AE6238 /* Components */ = {
			isa = PBXGroup;
			children = (
				3D9F3CB921F5001300AE6238 /* RenderComponent.swift */,
				3D9F3CBB21F5022A00AE6238 /* PlayerControlComponent.swift */,
				3D9F3CBD21F5032300AE6238 /* ParticleComponent.swift */,
				3D9F3CCB21F5593000AE6238 /* MoveComponent.swift */,
				3D9F3CD721F569E400AE6238 /* PhysicsComponent.swift */,
			);
			path = Components;
			sourceTree = "<group>";
		};
		3D9F3CBF21F5061300AE6238 /* Particle Effects */ = {
			isa = PBXGroup;
			children = (
				3D9F3CC021F5061300AE6238 /* starburst.png */,
				3D9F3CC121F5061300AE6238 /* spark.png */,
				3D9F3CC221F5061300AE6238 /* Sparkle.scnp */,
				3D9F3CC321F5061300AE6238 /* Fire.scnp */,
			);
			path = "Particle Effects";
			sourceTree = "<group>";
		};
		3D9F3CCA21F5588000AE6238 /* Behaviors */ = {
			isa = PBXGroup;
			children = (
				3D9F3CC821F5580600AE6238 /* MoveBehavior.swift */,
			);
			path = Behaviors;
			sourceTree = "<group>";
		};
		3D9F3CCD21F5599E00AE6238 /* Entities */ = {
			isa = PBXGroup;
			children = (
				3D9F3CCE21F559AC00AE6238 /* EntityManager.swift */,
				3D9F3CD521F560B000AE6238 /* Player.swift */,
			);
			path = Entities;
			sourceTree = "<group>";
		};
		3D9F3CD021F55E5B00AE6238 /* Nodes */ = {
			isa = PBXGroup;
			children = (
				3D9F3CD121F55E6D00AE6238 /* PlayerNode.swift */,
				3D9F3CD321F55ECF00AE6238 /* EnemyNode.swift */,
			);
			path = Nodes;
			sourceTree = "<group>";
		};
		3DC7DA5421ED48930078D1DB = {
			isa = PBXGroup;
			children = (
				3DC7DA5F21ED48930078D1DB /* Odyssey */,
				3DC7DA5E21ED48930078D1DB /* Products */,
			);
			sourceTree = "<group>";
		};
		3DC7DA5E21ED48930078D1DB /* Products */ = {
			isa = PBXGroup;
			children = (
				3DC7DA5D21ED48930078D1DB /* Odyssey.app */,
			);
			name = Products;
			sourceTree = "<group>";
		};
		3DC7DA5F21ED48930078D1DB /* Odyssey */ = {
			isa = PBXGroup;
			children = (
				3D9F3CD021F55E5B00AE6238 /* Nodes */,
				3D9F3CCD21F5599E00AE6238 /* Entities */,
				3D9F3CCA21F5588000AE6238 /* Behaviors */,
				3D9F3CBF21F5061300AE6238 /* Particle Effects */,
				3D9F3CB821F4FF8C00AE6238 /* Components */,
				3DC7DA7C21ED7FFB0078D1DB /* Helper */,
				3DC7DA7F21ED7FFB0078D1DB /* Sounds */,
				3DC7DA6021ED48930078D1DB /* AppDelegate.swift */,
				3DC7DA6221ED48930078D1DB /* art.scnassets */,
				3DC7DA6421ED48930078D1DB /* GameViewController.swift */,
				3DC7DA6621ED48930078D1DB /* Main.storyboard */,
				3DC7DA6921ED48940078D1DB /* Assets.xcassets */,
				3DC7DA6B21ED48940078D1DB /* LaunchScreen.storyboard */,
				3DC7DA6E21ED48940078D1DB /* Info.plist */,
			);
			path = Odyssey;
			sourceTree = "<group>";
		};
		3DC7DA7C21ED7FFB0078D1DB /* Helper */ = {
			isa = PBXGroup;
			children = (
				3DC7DA7D21ED7FFB0078D1DB /* MotionHelper.swift */,
				3DC7DA7E21ED7FFB0078D1DB /* VectorOperations.swift */,
			);
			path = Helper;
			sourceTree = "<group>";
		};
		3DC7DA7F21ED7FFB0078D1DB /* Sounds */ = {
			isa = PBXGroup;
			children = (
				3DC7DA8021ED7FFB0078D1DB /* chainsaw.wav */,
				3DC7DA8121ED7FFB0078D1DB /* jump.wav */,
				3DC7DA8221ED7FFB0078D1DB /* background.mp3 */,
			);
			path = Sounds;
			sourceTree = "<group>";
		};
/* End PBXGroup section */

/* Begin PBXNativeTarget section */
		3DC7DA5C21ED48930078D1DB /* Odyssey */ = {
			isa = PBXNativeTarget;
			buildConfigurationList = 3DC7DA7121ED48940078D1DB /* Build configuration list for PBXNativeTarget "Odyssey" */;
			buildPhases = (
				3DC7DA5921ED48930078D1DB /* Sources */,
				3DC7DA5A21ED48930078D1DB /* Frameworks */,
				3DC7DA5B21ED48930078D1DB /* Resources */,
			);
			buildRules = (
			);
			dependencies = (
			);
			name = Odyssey;
			productName = Odyssey;
			productReference = 3DC7DA5D21ED48930078D1DB /* Odyssey.app */;
			productType = "com.apple.product-type.application";
		};
/* End PBXNativeTarget section */

/* Begin PBXProject section */
		3DC7DA5521ED48930078D1DB /* Project object */ = {
			isa = PBXProject;
			attributes = {
				LastSwiftUpdateCheck = 1010;
				LastUpgradeCheck = 1010;
				ORGANIZATIONNAME = "Willie Johnson";
				TargetAttributes = {
					3DC7DA5C21ED48930078D1DB = {
						CreatedOnToolsVersion = 10.1;
					};
				};
			};
			buildConfigurationList = 3DC7DA5821ED48930078D1DB /* Build configuration list for PBXProject "Odyssey" */;
			compatibilityVersion = "Xcode 9.3";
			developmentRegion = en;
			hasScannedForEncodings = 0;
			knownRegions = (
				en,
				Base,
			);
			mainGroup = 3DC7DA5421ED48930078D1DB;
			productRefGroup = 3DC7DA5E21ED48930078D1DB /* Products */;
			projectDirPath = "";
			projectRoot = "";
			targets = (
				3DC7DA5C21ED48930078D1DB /* Odyssey */,
			);
		};
/* End PBXProject section */

/* Begin PBXResourcesBuildPhase section */
		3DC7DA5B21ED48930078D1DB /* Resources */ = {
			isa = PBXResourcesBuildPhase;
			buildActionMask = 2147483647;
			files = (
				3DC7DA8621ED7FFB0078D1DB /* jump.wav in Resources */,
				3D9F3CC521F5061300AE6238 /* spark.png in Resources */,
				3D9F3CC621F5061300AE6238 /* Sparkle.scnp in Resources */,
				3DC7DA6321ED48930078D1DB /* art.scnassets in Resources */,
				3D9F3CC421F5061300AE6238 /* starburst.png in Resources */,
				3DC7DA6D21ED48940078D1DB /* LaunchScreen.storyboard in Resources */,
				3DC7DA6A21ED48940078D1DB /* Assets.xcassets in Resources */,
				3DC7DA8521ED7FFB0078D1DB /* chainsaw.wav in Resources */,
				3DC7DA8721ED7FFB0078D1DB /* background.mp3 in Resources */,
				3D9F3CC721F5061300AE6238 /* Fire.scnp in Resources */,
				3DC7DA6821ED48930078D1DB /* Main.storyboard in Resources */,
			);
			runOnlyForDeploymentPostprocessing = 0;
		};
/* End PBXResourcesBuildPhase section */

/* Begin PBXSourcesBuildPhase section */
		3DC7DA5921ED48930078D1DB /* Sources */ = {
			isa = PBXSourcesBuildPhase;
			buildActionMask = 2147483647;
			files = (
				3D9F3CCF21F559AC00AE6238 /* EntityManager.swift in Sources */,
				3D9F3CD821F569E400AE6238 /* PhysicsComponent.swift in Sources */,
				3DC7DA8421ED7FFB0078D1DB /* VectorOperations.swift in Sources */,
				3DC7DA6521ED48930078D1DB /* GameViewController.swift in Sources */,
				3D9F3CBC21F5022A00AE6238 /* PlayerControlComponent.swift in Sources */,
				3DC7DA6121ED48930078D1DB /* AppDelegate.swift in Sources */,
				3D9F3CD621F560B000AE6238 /* Player.swift in Sources */,
				3D9F3CD221F55E6D00AE6238 /* PlayerNode.swift in Sources */,
				3D9F3CC921F5580600AE6238 /* MoveBehavior.swift in Sources */,
				3D9F3CCC21F5593000AE6238 /* MoveComponent.swift in Sources */,
				3D9F3CBA21F5001300AE6238 /* RenderComponent.swift in Sources */,
				3D9F3CBE21F5032300AE6238 /* ParticleComponent.swift in Sources */,
				3D9F3CD421F55ECF00AE6238 /* EnemyNode.swift in Sources */,
				3DC7DA8321ED7FFB0078D1DB /* MotionHelper.swift in Sources */,
			);
			runOnlyForDeploymentPostprocessing = 0;
		};
/* End PBXSourcesBuildPhase section */

/* Begin PBXVariantGroup section */
		3DC7DA6621ED48930078D1DB /* Main.storyboard */ = {
			isa = PBXVariantGroup;
			children = (
				3DC7DA6721ED48930078D1DB /* Base */,
			);
			name = Main.storyboard;
			sourceTree = "<group>";
		};
		3DC7DA6B21ED48940078D1DB /* LaunchScreen.storyboard */ = {
			isa = PBXVariantGroup;
			children = (
				3DC7DA6C21ED48940078D1DB /* Base */,
			);
			name = LaunchScreen.storyboard;
			sourceTree = "<group>";
		};
/* End PBXVariantGroup section */

/* Begin XCBuildConfiguration section */
		3DC7DA6F21ED48940078D1DB /* Debug */ = {
			isa = XCBuildConfiguration;
			buildSettings = {
				ALWAYS_SEARCH_USER_PATHS = NO;
				CLANG_ANALYZER_NONNULL = YES;
				CLANG_ANALYZER_NUMBER_OBJECT_CONVERSION = YES_AGGRESSIVE;
				CLANG_CXX_LANGUAGE_STANDARD = "gnu++14";
				CLANG_CXX_LIBRARY = "libc++";
				CLANG_ENABLE_MODULES = YES;
				CLANG_ENABLE_OBJC_ARC = YES;
				CLANG_ENABLE_OBJC_WEAK = YES;
				CLANG_WARN_BLOCK_CAPTURE_AUTORELEASING = YES;
				CLANG_WARN_BOOL_CONVERSION = YES;
				CLANG_WARN_COMMA = YES;
				CLANG_WARN_CONSTANT_CONVERSION = YES;
				CLANG_WARN_DEPRECATED_OBJC_IMPLEMENTATIONS = YES;
				CLANG_WARN_DIRECT_OBJC_ISA_USAGE = YES_ERROR;
				CLANG_WARN_DOCUMENTATION_COMMENTS = YES;
				CLANG_WARN_EMPTY_BODY = YES;
				CLANG_WARN_ENUM_CONVERSION = YES;
				CLANG_WARN_INFINITE_RECURSION = YES;
				CLANG_WARN_INT_CONVERSION = YES;
				CLANG_WARN_NON_LITERAL_NULL_CONVERSION = YES;
				CLANG_WARN_OBJC_IMPLICIT_RETAIN_SELF = YES;
				CLANG_WARN_OBJC_LITERAL_CONVERSION = YES;
				CLANG_WARN_OBJC_ROOT_CLASS = YES_ERROR;
				CLANG_WARN_RANGE_LOOP_ANALYSIS = YES;
				CLANG_WARN_STRICT_PROTOTYPES = YES;
				CLANG_WARN_SUSPICIOUS_MOVE = YES;
				CLANG_WARN_UNGUARDED_AVAILABILITY = YES_AGGRESSIVE;
				CLANG_WARN_UNREACHABLE_CODE = YES;
				CLANG_WARN__DUPLICATE_METHOD_MATCH = YES;
				CODE_SIGN_IDENTITY = "iPhone Developer";
				COPY_PHASE_STRIP = NO;
				DEBUG_INFORMATION_FORMAT = dwarf;
				ENABLE_STRICT_OBJC_MSGSEND = YES;
				ENABLE_TESTABILITY = YES;
				GCC_C_LANGUAGE_STANDARD = gnu11;
				GCC_DYNAMIC_NO_PIC = NO;
				GCC_NO_COMMON_BLOCKS = YES;
				GCC_OPTIMIZATION_LEVEL = 0;
				GCC_PREPROCESSOR_DEFINITIONS = (
					"DEBUG=1",
					"$(inherited)",
				);
				GCC_WARN_64_TO_32_BIT_CONVERSION = YES;
				GCC_WARN_ABOUT_RETURN_TYPE = YES_ERROR;
				GCC_WARN_UNDECLARED_SELECTOR = YES;
				GCC_WARN_UNINITIALIZED_AUTOS = YES_AGGRESSIVE;
				GCC_WARN_UNUSED_FUNCTION = YES;
				GCC_WARN_UNUSED_VARIABLE = YES;
				IPHONEOS_DEPLOYMENT_TARGET = 12.1;
				MTL_ENABLE_DEBUG_INFO = INCLUDE_SOURCE;
				MTL_FAST_MATH = YES;
				ONLY_ACTIVE_ARCH = YES;
				SDKROOT = iphoneos;
				SWIFT_ACTIVE_COMPILATION_CONDITIONS = DEBUG;
				SWIFT_OPTIMIZATION_LEVEL = "-Onone";
			};
			name = Debug;
		};
		3DC7DA7021ED48940078D1DB /* Release */ = {
			isa = XCBuildConfiguration;
			buildSettings = {
				ALWAYS_SEARCH_USER_PATHS = NO;
				CLANG_ANALYZER_NONNULL = YES;
				CLANG_ANALYZER_NUMBER_OBJECT_CONVERSION = YES_AGGRESSIVE;
				CLANG_CXX_LANGUAGE_STANDARD = "gnu++14";
				CLANG_CXX_LIBRARY = "libc++";
				CLANG_ENABLE_MODULES = YES;
				CLANG_ENABLE_OBJC_ARC = YES;
				CLANG_ENABLE_OBJC_WEAK = YES;
				CLANG_WARN_BLOCK_CAPTURE_AUTORELEASING = YES;
				CLANG_WARN_BOOL_CONVERSION = YES;
				CLANG_WARN_COMMA = YES;
				CLANG_WARN_CONSTANT_CONVERSION = YES;
				CLANG_WARN_DEPRECATED_OBJC_IMPLEMENTATIONS = YES;
				CLANG_WARN_DIRECT_OBJC_ISA_USAGE = YES_ERROR;
				CLANG_WARN_DOCUMENTATION_COMMENTS = YES;
				CLANG_WARN_EMPTY_BODY = YES;
				CLANG_WARN_ENUM_CONVERSION = YES;
				CLANG_WARN_INFINITE_RECURSION = YES;
				CLANG_WARN_INT_CONVERSION = YES;
				CLANG_WARN_NON_LITERAL_NULL_CONVERSION = YES;
				CLANG_WARN_OBJC_IMPLICIT_RETAIN_SELF = YES;
				CLANG_WARN_OBJC_LITERAL_CONVERSION = YES;
				CLANG_WARN_OBJC_ROOT_CLASS = YES_ERROR;
				CLANG_WARN_RANGE_LOOP_ANALYSIS = YES;
				CLANG_WARN_STRICT_PROTOTYPES = YES;
				CLANG_WARN_SUSPICIOUS_MOVE = YES;
				CLANG_WARN_UNGUARDED_AVAILABILITY = YES_AGGRESSIVE;
				CLANG_WARN_UNREACHABLE_CODE = YES;
				CLANG_WARN__DUPLICATE_METHOD_MATCH = YES;
				CODE_SIGN_IDENTITY = "iPhone Developer";
				COPY_PHASE_STRIP = NO;
				DEBUG_INFORMATION_FORMAT = "dwarf-with-dsym";
				ENABLE_NS_ASSERTIONS = NO;
				ENABLE_STRICT_OBJC_MSGSEND = YES;
				GCC_C_LANGUAGE_STANDARD = gnu11;
				GCC_NO_COMMON_BLOCKS = YES;
				GCC_WARN_64_TO_32_BIT_CONVERSION = YES;
				GCC_WARN_ABOUT_RETURN_TYPE = YES_ERROR;
				GCC_WARN_UNDECLARED_SELECTOR = YES;
				GCC_WARN_UNINITIALIZED_AUTOS = YES_AGGRESSIVE;
				GCC_WARN_UNUSED_FUNCTION = YES;
				GCC_WARN_UNUSED_VARIABLE = YES;
				IPHONEOS_DEPLOYMENT_TARGET = 12.1;
				MTL_ENABLE_DEBUG_INFO = NO;
				MTL_FAST_MATH = YES;
				SDKROOT = iphoneos;
				SWIFT_COMPILATION_MODE = wholemodule;
				SWIFT_OPTIMIZATION_LEVEL = "-O";
				VALIDATE_PRODUCT = YES;
			};
			name = Release;
		};
		3DC7DA7221ED48940078D1DB /* Debug */ = {
			isa = XCBuildConfiguration;
			buildSettings = {
				ASSETCATALOG_COMPILER_APPICON_NAME = AppIcon;
				CODE_SIGN_STYLE = Automatic;
				DEVELOPMENT_TEAM = RFQY6T2L4D;
				INFOPLIST_FILE = Odyssey/Info.plist;
				LD_RUNPATH_SEARCH_PATHS = (
					"$(inherited)",
					"@executable_path/Frameworks",
				);
				PRODUCT_BUNDLE_IDENTIFIER = com.hooopla.Odyssey;
				PRODUCT_NAME = "$(TARGET_NAME)";
				SWIFT_VERSION = 4.2;
				TARGETED_DEVICE_FAMILY = "1,2";
			};
			name = Debug;
		};
		3DC7DA7321ED48940078D1DB /* Release */ = {
			isa = XCBuildConfiguration;
			buildSettings = {
				ASSETCATALOG_COMPILER_APPICON_NAME = AppIcon;
				CODE_SIGN_STYLE = Automatic;
				DEVELOPMENT_TEAM = RFQY6T2L4D;
				INFOPLIST_FILE = Odyssey/Info.plist;
				LD_RUNPATH_SEARCH_PATHS = (
					"$(inherited)",
					"@executable_path/Frameworks",
				);
				PRODUCT_BUNDLE_IDENTIFIER = com.hooopla.Odyssey;
				PRODUCT_NAME = "$(TARGET_NAME)";
				SWIFT_VERSION = 4.2;
				TARGETED_DEVICE_FAMILY = "1,2";
			};
			name = Release;
		};
/* End XCBuildConfiguration section */

/* Begin XCConfigurationList section */
		3DC7DA5821ED48930078D1DB /* Build configuration list for PBXProject "Odyssey" */ = {
			isa = XCConfigurationList;
			buildConfigurations = (
				3DC7DA6F21ED48940078D1DB /* Debug */,
				3DC7DA7021ED48940078D1DB /* Release */,
			);
			defaultConfigurationIsVisible = 0;
			defaultConfigurationName = Release;
		};
		3DC7DA7121ED48940078D1DB /* Build configuration list for PBXNativeTarget "Odyssey" */ = {
			isa = XCConfigurationList;
			buildConfigurations = (
				3DC7DA7221ED48940078D1DB /* Debug */,
				3DC7DA7321ED48940078D1DB /* Release */,
			);
			defaultConfigurationIsVisible = 0;
			defaultConfigurationName = Release;
		};
/* End XCConfigurationList section */
	};
	rootObject = 3DC7DA5521ED48930078D1DB /* Project object */;
}
